Microsoft Visual Studio Solution File, Format Version 12.00
# Visual Studio Version 17
VisualStudioVersion = 17.5.2.0
MinimumVisualStudioVersion = 10.0.40219.1
Project("{FAE04EC0-301F-11D3-BF4B-00C04F79EFBC}") = "MultiThreadingSynchronization", "MultiThreadingSynchronization.csproj", "{7614191F-3998-A405-15F0-E9A66C1952EB}"
EndProject
Global
	GlobalSection(SolutionConfigurationPlatforms) = preSolution
		Debug|Any CPU = Debug|Any CPU
		Release|Any CPU = Release|Any CPU
	EndGlobalSection
	GlobalSection(ProjectConfigurationPlatforms) = postSolution
		{7614191F-3998-A405-15F0-E9A66C1952EB}.Debug|Any CPU.ActiveCfg = Debug|Any CPU
		{7614191F-3998-A405-15F0-E9A66C1952EB}.Debug|Any CPU.Build.0 = Debug|Any CPU
		{7614191F-3998-A405-15F0-E9A66C1952EB}.Release|Any CPU.ActiveCfg = Release|Any CPU
		{7614191F-3998-A405-15F0-E9A66C1952EB}.Release|Any CPU.Build.0 = Release|Any CPU
	EndGlobalSection
	GlobalSection(SolutionProperties) = preSolution
		HideSolutionNode = FALSE
	EndGlobalSection
	GlobalSection(ExtensibilityGlobals) = postSolution
		SolutionGuid = {85F5547C-E315-445C-8EC0-C51B4D4C98DF}
	EndGlobalSection
EndGlobal
